
Microsoft Visual Studio Solution File, Format Version 12.00
# Visual Studio Version 17
VisualStudioVersion = 17.3.32922.545
MinimumVisualStudioVersion = 10.0.40219.1
Project("{FAE04EC0-301F-11D3-BF4B-00C04F79EFBC}") = "listy", "listy\listy.csproj", "{66CAA3A5-C020-4344-92B2-C0CDAC23AAA0}"
EndProject
Global
	GlobalSection(SolutionConfigurationPlatforms) = preSolution
		Debug|Any CPU = Debug|Any CPU
		Release|Any CPU = Release|Any CPU
	EndGlobalSection
	GlobalSection(ProjectConfigurationPlatforms) = postSolution
		{66CAA3A5-C020-4344-92B2-C0CDAC23AAA0}.Debug|Any CPU.ActiveCfg = Debug|Any CPU
		{66CAA3A5-C020-4344-92B2-C0CDAC23AAA0}.Debug|Any CPU.Build.0 = Debug|Any CPU
		{66CAA3A5-C020-4344-92B2-C0CDAC23AAA0}.Release|Any CPU.ActiveCfg = Release|Any CPU
		{66CAA3A5-C020-4344-92B2-C0CDAC23AAA0}.Release|Any CPU.Build.0 = Release|Any CPU
	EndGlobalSection
	GlobalSection(SolutionProperties) = preSolution
		HideSolutionNode = FALSE
	EndGlobalSection
	GlobalSection(ExtensibilityGlobals) = postSolution
		SolutionGuid = {61C665B1-B449-4857-998E-7F7A7FF34935}
	EndGlobalSection
EndGlobal
